
Microsoft Visual Studio Solution File, Format Version 12.00
# Visual Studio Version 16
VisualStudioVersion = 16.0.29230.47
MinimumVisualStudioVersion = 10.0.40219.1
Project("{8BC9CEB8-8B4A-11D0-8D11-00A0C91BC942}") = "백준 11651", "백준 11651.vcxproj", "{FE2AC05A-1747-4BE5-B9DA-BCC650813EFC}"
EndProject
Global
	GlobalSection(SolutionConfigurationPlatforms) = preSolution
		Debug|x64 = Debug|x64
		Debug|x86 = Debug|x86
		Release|x64 = Release|x64
		Release|x86 = Release|x86
	EndGlobalSection
	GlobalSection(ProjectConfigurationPlatforms) = postSolution
		{FE2AC05A-1747-4BE5-B9DA-BCC650813EFC}.Debug|x64.ActiveCfg = Debug|x64
		{FE2AC05A-1747-4BE5-B9DA-BCC650813EFC}.Debug|x64.Build.0 = Debug|x64
		{FE2AC05A-1747-4BE5-B9DA-BCC650813EFC}.Debug|x86.ActiveCfg = Debug|Win32
		{FE2AC05A-1747-4BE5-B9DA-BCC650813EFC}.Debug|x86.Build.0 = Debug|Win32
		{FE2AC05A-1747-4BE5-B9DA-BCC650813EFC}.Release|x64.ActiveCfg = Release|x64
		{FE2AC05A-1747-4BE5-B9DA-BCC650813EFC}.Release|x64.Build.0 = Release|x64
		{FE2AC05A-1747-4BE5-B9DA-BCC650813EFC}.Release|x86.ActiveCfg = Release|Win32
		{FE2AC05A-1747-4BE5-B9DA-BCC650813EFC}.Release|x86.Build.0 = Release|Win32
	EndGlobalSection
	GlobalSection(SolutionProperties) = preSolution
		HideSolutionNode = FALSE
	EndGlobalSection
	GlobalSection(ExtensibilityGlobals) = postSolution
		SolutionGuid = {810E0AD5-A789-4D33-BA43-2057D7301B73}
	EndGlobalSection
EndGlobal
